# THIS IS AN AUTOGENERATED FILE. DO NOT EDIT THIS FILE DIRECTLY.
# yarn lockfile v1


csv-generate@^4.1.0:
  version "4.1.0"
  resolved "https://registry.yarnpkg.com/csv-generate/-/csv-generate-4.1.0.tgz#31eb5cf9f2484f0d4b289ee03858fc77b3ed55ff"
  integrity sha512-Z17wI0xmDfpwzB7lShyK7INBt0YMyh5kV7svWTwsBSOa30T6Lq1fHHasmSCtf2rRTI7GnTk52HQRYBk0ToAXQQ==

csv-parse@^5.1.0:
  version "5.1.0"
  resolved "https://registry.yarnpkg.com/csv-parse/-/csv-parse-5.1.0.tgz#e587e969bf0385ecf4f36f584ed5ddebba0237ab"
  integrity sha512-JL+Q6YEikT2uoe57InjFFa6VejhSv0tDwOxeQ1bVQKeUC/NCnLAAZ8n3PzowPQQLuZ37fysDYZipB2UJkH9C6A==

csv-stringify@^6.1.0:
  version "6.1.0"
  resolved "https://registry.yarnpkg.com/csv-stringify/-/csv-stringify-6.1.0.tgz#6b79e2717bc35ae063800a490244117998a2e86c"
  integrity sha512-rdBqiy77TczvhGlpLHyoph2adMs6WMnmQY4PBRqeIWykI1FLnVCppnRdso8faGj2+eN7izk9YlbFyZkOrL9rAQ==

csv@^6.1.0:
  version "6.1.0"
  resolved "https://registry.yarnpkg.com/csv/-/csv-6.1.0.tgz#f81198182b19eeeb2cd7f2479fcc086a25edfcca"
  integrity sha512-kvd8YWk7emi/0fXhuv+IKaanNFhPi5Up1wT4ZGVUu39bd9lRWpxQu1F7eaRfxTEc9mGxeMWIzEilKKrL0MoEnQ==
  dependencies:
    csv-generate "^4.1.0"
    csv-parse "^5.1.0"
    csv-stringify "^6.1.0"
    stream-transform "^3.1.0"

fs-extra@^10.1.0:
  version "10.1.0"
  resolved "https://registry.yarnpkg.com/fs-extra/-/fs-extra-10.1.0.tgz#02873cfbc4084dde127eaa5f9905eef2325d1abf"
  integrity sha512-oRXApq54ETRj4eMiFzGnHWGy+zo5raudjuxN0b8H7s/RU2oW0Wvsx9O0ACRN/kRq9E8Vu/ReskGB5o3ji+FzHQ==
  dependencies:
    graceful-fs "^4.2.0"
    jsonfile "^6.0.1"
    universalify "^2.0.0"

graceful-fs@^4.1.6, graceful-fs@^4.2.0:
  version "4.2.10"
  resolved "https://registry.yarnpkg.com/graceful-fs/-/graceful-fs-4.2.10.tgz#147d3a006da4ca3ce14728c7aefc287c367d7a6c"
  integrity sha512-9ByhssR2fPVsNZj478qUUbKfmL0+t5BDVyjShtyZZLiK7ZDAArFFfopyOTj0M05wE2tJPisA4iTnnXl2YoPvOA==

jsonfile@^6.0.1:
  version "6.1.0"
  resolved "https://registry.yarnpkg.com/jsonfile/-/jsonfile-6.1.0.tgz#bc55b2634793c679ec6403094eb13698a6ec0aae"
  integrity sha512-5dgndWOriYSm5cnYaJNhalLNDKOqFwyDB/rr1E9ZsGciGvKPs8R2xYGCacuf3z6K1YKDz182fd+fY3cn3pMqXQ==
  dependencies:
    universalify "^2.0.0"
  optionalDependencies:
    graceful-fs "^4.1.6"

stream-transform@^3.1.0:
  version "3.1.0"
  resolved "https://registry.yarnpkg.com/stream-transform/-/stream-transform-3.1.0.tgz#9320fc99b6ef4767a0d87ff374c4366d46d214e9"
  integrity sha512-ncT/rST/M2N2zGLacJmeB7TNq/XS8Ck0xqvhYX6bgLwSPTSZLVFCSvNnwTU+RYhk9fAfwzCkYH9I5kdgcDMvfw==

universalify@^2.0.0:
  version "2.0.0"
  resolved "https://registry.yarnpkg.com/universalify/-/universalify-2.0.0.tgz#75a4984efedc4b08975c5aeb73f530d02df25717"
  integrity sha512-hAZsKq7Yy11Zu1DE0OzWjw7nnLZmJZYTDZZyEFHZdUhV8FkH5MCfoU1XMaxXovpyW5nq5scPqq0ZDP9Zyl04oQ==
